
Microsoft Visual Studio Solution File, Format Version 12.00
# Visual Studio 15
VisualStudioVersion = 15.0.26430.16
MinimumVisualStudioVersion = 10.0.40219.1
Project("{FAE04EC0-301F-11D3-BF4B-00C04F79EFBC}") = "Infrastructure.Specification", "Infrastructure.Specification\Infrastructure.Specification\Infrastructure.Specification.csproj", "{43CC9ABF-137D-4810-8523-F6FC1FA595DB}"
EndProject
Project("{FAE04EC0-301F-11D3-BF4B-00C04F79EFBC}") = "Infrastructure.Specification.Tests", "Infrastructure.Specification.Tests\Infrastructure.Specification.Tests.csproj", "{E9CD7198-F8B9-493B-B164-15334DC870D3}"
EndProject
Project("{FAE04EC0-301F-11D3-BF4B-00C04F79EFBC}") = "Infrastructure", "Infrastructure\Infrastructure.csproj", "{F6C455ED-E33D-4074-9A01-13326E729F7E}"
EndProject
Global
	GlobalSection(SolutionConfigurationPlatforms) = preSolution
		Debug|Any CPU = Debug|Any CPU
		Release|Any CPU = Release|Any CPU
	EndGlobalSection
	GlobalSection(ProjectConfigurationPlatforms) = postSolution
		{43CC9ABF-137D-4810-8523-F6FC1FA595DB}.Debug|Any CPU.ActiveCfg = Debug|Any CPU
		{43CC9ABF-137D-4810-8523-F6FC1FA595DB}.Debug|Any CPU.Build.0 = Debug|Any CPU
		{43CC9ABF-137D-4810-8523-F6FC1FA595DB}.Release|Any CPU.ActiveCfg = Release|Any CPU
		{43CC9ABF-137D-4810-8523-F6FC1FA595DB}.Release|Any CPU.Build.0 = Release|Any CPU
		{E9CD7198-F8B9-493B-B164-15334DC870D3}.Debug|Any CPU.ActiveCfg = Debug|Any CPU
		{E9CD7198-F8B9-493B-B164-15334DC870D3}.Debug|Any CPU.Build.0 = Debug|Any CPU
		{E9CD7198-F8B9-493B-B164-15334DC870D3}.Release|Any CPU.ActiveCfg = Release|Any CPU
		{E9CD7198-F8B9-493B-B164-15334DC870D3}.Release|Any CPU.Build.0 = Release|Any CPU
		{F6C455ED-E33D-4074-9A01-13326E729F7E}.Debug|Any CPU.ActiveCfg = Debug|Any CPU
		{F6C455ED-E33D-4074-9A01-13326E729F7E}.Debug|Any CPU.Build.0 = Debug|Any CPU
		{F6C455ED-E33D-4074-9A01-13326E729F7E}.Release|Any CPU.ActiveCfg = Release|Any CPU
		{F6C455ED-E33D-4074-9A01-13326E729F7E}.Release|Any CPU.Build.0 = Release|Any CPU
	EndGlobalSection
	GlobalSection(SolutionProperties) = preSolution
		HideSolutionNode = FALSE
	EndGlobalSection
EndGlobal
